
Microsoft Visual Studio Solution File, Format Version 12.00
# Visual Studio Version 16
VisualStudioVersion = 16.0.30413.136
MinimumVisualStudioVersion = 10.0.40219.1
Project("{FAE04EC0-301F-11D3-BF4B-00C04F79EFBC}") = "LocalService.MainApp", "LocalService.MainApp\LocalService.MainApp.csproj", "{F90E6FA0-29EF-483F-8840-28222F78227F}"
EndProject
Project("{FAE04EC0-301F-11D3-BF4B-00C04F79EFBC}") = "LocalService.IncludeLibs", "LocalService.IncludeLibs\LocalService.IncludeLibs.csproj", "{71D1C046-FC88-4A64-BFE6-A83C4A55779D}"
EndProject
Project("{FAE04EC0-301F-11D3-BF4B-00C04F79EFBC}") = "LocalService.TestWinService", "LocalService.TestWinService\LocalService.TestWinService.csproj", "{30002CE4-0B04-4B0A-B5E2-55B1C8F164E0}"
EndProject
Global
	GlobalSection(SolutionConfigurationPlatforms) = preSolution
		Debug|Any CPU = Debug|Any CPU
		Release|Any CPU = Release|Any CPU
	EndGlobalSection
	GlobalSection(ProjectConfigurationPlatforms) = postSolution
		{F90E6FA0-29EF-483F-8840-28222F78227F}.Debug|Any CPU.ActiveCfg = Debug|Any CPU
		{F90E6FA0-29EF-483F-8840-28222F78227F}.Debug|Any CPU.Build.0 = Debug|Any CPU
		{F90E6FA0-29EF-483F-8840-28222F78227F}.Release|Any CPU.ActiveCfg = Release|Any CPU
		{F90E6FA0-29EF-483F-8840-28222F78227F}.Release|Any CPU.Build.0 = Release|Any CPU
		{71D1C046-FC88-4A64-BFE6-A83C4A55779D}.Debug|Any CPU.ActiveCfg = Debug|Any CPU
		{71D1C046-FC88-4A64-BFE6-A83C4A55779D}.Debug|Any CPU.Build.0 = Debug|Any CPU
		{71D1C046-FC88-4A64-BFE6-A83C4A55779D}.Release|Any CPU.ActiveCfg = Release|Any CPU
		{71D1C046-FC88-4A64-BFE6-A83C4A55779D}.Release|Any CPU.Build.0 = Release|Any CPU
		{30002CE4-0B04-4B0A-B5E2-55B1C8F164E0}.Debug|Any CPU.ActiveCfg = Debug|Any CPU
		{30002CE4-0B04-4B0A-B5E2-55B1C8F164E0}.Debug|Any CPU.Build.0 = Debug|Any CPU
		{30002CE4-0B04-4B0A-B5E2-55B1C8F164E0}.Release|Any CPU.ActiveCfg = Release|Any CPU
		{30002CE4-0B04-4B0A-B5E2-55B1C8F164E0}.Release|Any CPU.Build.0 = Release|Any CPU
	EndGlobalSection
	GlobalSection(SolutionProperties) = preSolution
		HideSolutionNode = FALSE
	EndGlobalSection
	GlobalSection(ExtensibilityGlobals) = postSolution
		SolutionGuid = {4909EE3D-E0D0-410C-B0D4-41FD40AC9CAB}
	EndGlobalSection
EndGlobal
